
Microsoft Visual Studio Solution File, Format Version 12.00
# Visual Studio Version 16
VisualStudioVersion = 16.0.29613.14
MinimumVisualStudioVersion = 15.0.26124.0
Project("{FAE04EC0-301F-11D3-BF4B-00C04F79EFBC}") = "EventHubReader", "EventHubReader\EventHubReader.csproj", "{0A965322-CEEE-4495-9CCB-5C2C6F852BAD}"
EndProject
Global
	GlobalSection(SolutionConfigurationPlatforms) = preSolution
		Debug|Any CPU = Debug|Any CPU
		Debug|x64 = Debug|x64
		Debug|x86 = Debug|x86
		Release|Any CPU = Release|Any CPU
		Release|x64 = Release|x64
		Release|x86 = Release|x86
	EndGlobalSection
	GlobalSection(ProjectConfigurationPlatforms) = postSolution
		{0A965322-CEEE-4495-9CCB-5C2C6F852BAD}.Debug|Any CPU.ActiveCfg = Debug|Any CPU
		{0A965322-CEEE-4495-9CCB-5C2C6F852BAD}.Debug|Any CPU.Build.0 = Debug|Any CPU
		{0A965322-CEEE-4495-9CCB-5C2C6F852BAD}.Debug|x64.ActiveCfg = Debug|Any CPU
		{0A965322-CEEE-4495-9CCB-5C2C6F852BAD}.Debug|x64.Build.0 = Debug|Any CPU
		{0A965322-CEEE-4495-9CCB-5C2C6F852BAD}.Debug|x86.ActiveCfg = Debug|Any CPU
		{0A965322-CEEE-4495-9CCB-5C2C6F852BAD}.Debug|x86.Build.0 = Debug|Any CPU
		{0A965322-CEEE-4495-9CCB-5C2C6F852BAD}.Release|Any CPU.ActiveCfg = Release|Any CPU
		{0A965322-CEEE-4495-9CCB-5C2C6F852BAD}.Release|Any CPU.Build.0 = Release|Any CPU
		{0A965322-CEEE-4495-9CCB-5C2C6F852BAD}.Release|x64.ActiveCfg = Release|Any CPU
		{0A965322-CEEE-4495-9CCB-5C2C6F852BAD}.Release|x64.Build.0 = Release|Any CPU
		{0A965322-CEEE-4495-9CCB-5C2C6F852BAD}.Release|x86.ActiveCfg = Release|Any CPU
		{0A965322-CEEE-4495-9CCB-5C2C6F852BAD}.Release|x86.Build.0 = Release|Any CPU
	EndGlobalSection
	GlobalSection(SolutionProperties) = preSolution
		HideSolutionNode = FALSE
	EndGlobalSection
	GlobalSection(ExtensibilityGlobals) = postSolution
		SolutionGuid = {D79B7C4F-B3FE-45C6-9C51-0D6EE513A08B}
	EndGlobalSection
EndGlobal
